
Microsoft Visual Studio Solution File, Format Version 12.00
# Visual Studio 2017
Project("{FAE04EC0-301F-11D3-BF4B-00C04F79EFBC}") = "Simple Mutiplayer", "Simple Mutiplayer.csproj", "{1E9D3AA5-6DAE-A19D-5343-59CA11CD6A3D}"
EndProject
Project("{FAE04EC0-301F-11D3-BF4B-00C04F79EFBC}") = "Simple Mutiplayer.Editor", "Simple Mutiplayer.Editor.csproj", "{97FA6800-754B-A600-070F-DE013505F8A5}"
EndProject
Global
	GlobalSection(SolutionConfigurationPlatforms) = preSolution
		Debug|Any CPU = Debug|Any CPU
		Release|Any CPU = Release|Any CPU
	EndGlobalSection
	GlobalSection(ProjectConfigurationPlatforms) = postSolution
		{1E9D3AA5-6DAE-A19D-5343-59CA11CD6A3D}.Debug|Any CPU.ActiveCfg = Debug|Any CPU
		{1E9D3AA5-6DAE-A19D-5343-59CA11CD6A3D}.Debug|Any CPU.Build.0 = Debug|Any CPU
		{1E9D3AA5-6DAE-A19D-5343-59CA11CD6A3D}.Release|Any CPU.ActiveCfg = Release|Any CPU
		{1E9D3AA5-6DAE-A19D-5343-59CA11CD6A3D}.Release|Any CPU.Build.0 = Release|Any CPU
		{97FA6800-754B-A600-070F-DE013505F8A5}.Debug|Any CPU.ActiveCfg = Debug|Any CPU
		{97FA6800-754B-A600-070F-DE013505F8A5}.Debug|Any CPU.Build.0 = Debug|Any CPU
		{97FA6800-754B-A600-070F-DE013505F8A5}.Release|Any CPU.ActiveCfg = Release|Any CPU
		{97FA6800-754B-A600-070F-DE013505F8A5}.Release|Any CPU.Build.0 = Release|Any CPU
	EndGlobalSection
	GlobalSection(SolutionProperties) = preSolution
		HideSolutionNode = FALSE
	EndGlobalSection
EndGlobal
