
Microsoft Visual Studio Solution File, Format Version 12.00
# Visual Studio 2017
Project("{FAE04EC0-301F-11D3-BF4B-00C04F79EFBC}") = "AddPackages.Plugins", "AddPackages.Plugins.csproj", "{D16214B1-6CD6-A048-B5F1-C9CBC4F21EA7}"
EndProject
Project("{FAE04EC0-301F-11D3-BF4B-00C04F79EFBC}") = "AddPackages", "AddPackages.csproj", "{F1044044-8FB4-3986-24E0-72D417170642}"
EndProject
Global
	GlobalSection(SolutionConfigurationPlatforms) = preSolution
		Debug|Any CPU = Debug|Any CPU
		Release|Any CPU = Release|Any CPU
	EndGlobalSection
	GlobalSection(ProjectConfigurationPlatforms) = postSolution
		{D16214B1-6CD6-A048-B5F1-C9CBC4F21EA7}.Debug|Any CPU.ActiveCfg = Debug|Any CPU
		{D16214B1-6CD6-A048-B5F1-C9CBC4F21EA7}.Debug|Any CPU.Build.0 = Debug|Any CPU
		{D16214B1-6CD6-A048-B5F1-C9CBC4F21EA7}.Release|Any CPU.ActiveCfg = Release|Any CPU
		{D16214B1-6CD6-A048-B5F1-C9CBC4F21EA7}.Release|Any CPU.Build.0 = Release|Any CPU
		{F1044044-8FB4-3986-24E0-72D417170642}.Debug|Any CPU.ActiveCfg = Debug|Any CPU
		{F1044044-8FB4-3986-24E0-72D417170642}.Debug|Any CPU.Build.0 = Debug|Any CPU
		{F1044044-8FB4-3986-24E0-72D417170642}.Release|Any CPU.ActiveCfg = Release|Any CPU
		{F1044044-8FB4-3986-24E0-72D417170642}.Release|Any CPU.Build.0 = Release|Any CPU
	EndGlobalSection
	GlobalSection(SolutionProperties) = preSolution
		HideSolutionNode = FALSE
	EndGlobalSection
EndGlobal
